
Microsoft Visual Studio Solution File, Format Version 12.00
# Visual Studio Version 17
VisualStudioVersion = 17.7.34202.233
MinimumVisualStudioVersion = 10.0.40219.1
Project("{2150E333-8FDC-42A3-9474-1A3956D46DE8}") = "src", "src", "{33C49380-D458-402E-B939-5853ED88D185}"
EndProject
Project("{2150E333-8FDC-42A3-9474-1A3956D46DE8}") = "BuildingBlocks", "BuildingBlocks", "{0D84E496-EBCD-4587-B867-7C6BBC5D2623}"
EndProject
Project("{2150E333-8FDC-42A3-9474-1A3956D46DE8}") = "Services", "Services", "{5B400D4B-5CE1-41B8-BF4B-FC5DABED1826}"
EndProject
Project("{2150E333-8FDC-42A3-9474-1A3956D46DE8}") = "ApiGateways", "ApiGateways", "{B13AEC62-416F-41A5-BCAE-4B2054406613}"
EndProject
Project("{2150E333-8FDC-42A3-9474-1A3956D46DE8}") = "Envoy", "Envoy", "{07C0A301-C135-4FB9-90AC-F9A2E08D31C6}"
EndProject
Project("{2150E333-8FDC-42A3-9474-1A3956D46DE8}") = "Admin", "Admin", "{00F6E4B5-F777-4C71-8ABE-4DBFE3F4CF7C}"
EndProject
Project("{9A19103F-16F7-4668-BE54-9A1E7A4F7556}") = "HNKC.CrewManagePlatform.Exceptions", "src\BuildingBlocks\HNKC.CrewManagePlatform.Exceptions\HNKC.CrewManagePlatform.Exceptions.csproj", "{67199E4A-695A-4B0A-A6FA-0C0717DE5DA3}"
EndProject
Project("{9A19103F-16F7-4668-BE54-9A1E7A4F7556}") = "HNKC.CrewManagePlatform.Models", "src\BuildingBlocks\HNKC.CrewManagePlatform.Models\HNKC.CrewManagePlatform.Models.csproj", "{3E171F74-C756-46C6-BE27-869F3C40B77F}"
EndProject
Project("{9A19103F-16F7-4668-BE54-9A1E7A4F7556}") = "HNKC.CrewManagePlatform.SqlSugars", "src\BuildingBlocks\HNKC.CrewManagePlatform.SqlSugars\HNKC.CrewManagePlatform.SqlSugars.csproj", "{84FB59F8-1D93-409B-B64D-C0F57C6A6BA5}"
EndProject
Project("{9A19103F-16F7-4668-BE54-9A1E7A4F7556}") = "HNKC.CrewManagePlatform.Utils", "src\BuildingBlocks\HNKC.CrewManagePlatform.Utils\HNKC.CrewManagePlatform.Utils.csproj", "{9ADA7600-44ED-49A4-8EA5-6F751B0139B9}"
EndProject
Project("{9A19103F-16F7-4668-BE54-9A1E7A4F7556}") = "HNKC.CrewManagePlatform.Web", "src\BuildingBlocks\HNKC.CrewManagePlatform.Web\HNKC.CrewManagePlatform.Web.csproj", "{AC2D00C9-5E9E-4812-8262-D8F9FBF74042}"
EndProject
Project("{9A19103F-16F7-4668-BE54-9A1E7A4F7556}") = "HNKC.CrewManagePlatform.Services.Admin.Api", "src\Services\Admin\HNKC.CrewManagePlatform.Services.Admin.Api\HNKC.CrewManagePlatform.Services.Admin.Api.csproj", "{97C135DB-12C0-4EE1-AD5D-B2EF1231C62F}"
EndProject
Project("{9A19103F-16F7-4668-BE54-9A1E7A4F7556}") = "HNKC.CrewManagePlatform.Services", "HNKC.CrewManagePlatform.Services\HNKC.CrewManagePlatform.Services.csproj", "{5B7D543F-F9C4-440B-9B17-665CE5527999}"
EndProject
Global
	GlobalSection(SolutionConfigurationPlatforms) = preSolution
		Debug|Any CPU = Debug|Any CPU
		Release|Any CPU = Release|Any CPU
	EndGlobalSection
	GlobalSection(ProjectConfigurationPlatforms) = postSolution
		{67199E4A-695A-4B0A-A6FA-0C0717DE5DA3}.Debug|Any CPU.ActiveCfg = Debug|Any CPU
		{67199E4A-695A-4B0A-A6FA-0C0717DE5DA3}.Debug|Any CPU.Build.0 = Debug|Any CPU
		{67199E4A-695A-4B0A-A6FA-0C0717DE5DA3}.Release|Any CPU.ActiveCfg = Release|Any CPU
		{67199E4A-695A-4B0A-A6FA-0C0717DE5DA3}.Release|Any CPU.Build.0 = Release|Any CPU
		{3E171F74-C756-46C6-BE27-869F3C40B77F}.Debug|Any CPU.ActiveCfg = Debug|Any CPU
		{3E171F74-C756-46C6-BE27-869F3C40B77F}.Debug|Any CPU.Build.0 = Debug|Any CPU
		{3E171F74-C756-46C6-BE27-869F3C40B77F}.Release|Any CPU.ActiveCfg = Release|Any CPU
		{3E171F74-C756-46C6-BE27-869F3C40B77F}.Release|Any CPU.Build.0 = Release|Any CPU
		{84FB59F8-1D93-409B-B64D-C0F57C6A6BA5}.Debug|Any CPU.ActiveCfg = Debug|Any CPU
		{84FB59F8-1D93-409B-B64D-C0F57C6A6BA5}.Debug|Any CPU.Build.0 = Debug|Any CPU
		{84FB59F8-1D93-409B-B64D-C0F57C6A6BA5}.Release|Any CPU.ActiveCfg = Release|Any CPU
		{84FB59F8-1D93-409B-B64D-C0F57C6A6BA5}.Release|Any CPU.Build.0 = Release|Any CPU
		{9ADA7600-44ED-49A4-8EA5-6F751B0139B9}.Debug|Any CPU.ActiveCfg = Debug|Any CPU
		{9ADA7600-44ED-49A4-8EA5-6F751B0139B9}.Debug|Any CPU.Build.0 = Debug|Any CPU
		{9ADA7600-44ED-49A4-8EA5-6F751B0139B9}.Release|Any CPU.ActiveCfg = Release|Any CPU
		{9ADA7600-44ED-49A4-8EA5-6F751B0139B9}.Release|Any CPU.Build.0 = Release|Any CPU
		{AC2D00C9-5E9E-4812-8262-D8F9FBF74042}.Debug|Any CPU.ActiveCfg = Debug|Any CPU
		{AC2D00C9-5E9E-4812-8262-D8F9FBF74042}.Debug|Any CPU.Build.0 = Debug|Any CPU
		{AC2D00C9-5E9E-4812-8262-D8F9FBF74042}.Release|Any CPU.ActiveCfg = Release|Any CPU
		{AC2D00C9-5E9E-4812-8262-D8F9FBF74042}.Release|Any CPU.Build.0 = Release|Any CPU
		{97C135DB-12C0-4EE1-AD5D-B2EF1231C62F}.Debug|Any CPU.ActiveCfg = Debug|Any CPU
		{97C135DB-12C0-4EE1-AD5D-B2EF1231C62F}.Debug|Any CPU.Build.0 = Debug|Any CPU
		{97C135DB-12C0-4EE1-AD5D-B2EF1231C62F}.Release|Any CPU.ActiveCfg = Release|Any CPU
		{97C135DB-12C0-4EE1-AD5D-B2EF1231C62F}.Release|Any CPU.Build.0 = Release|Any CPU
		{5B7D543F-F9C4-440B-9B17-665CE5527999}.Debug|Any CPU.ActiveCfg = Debug|Any CPU
		{5B7D543F-F9C4-440B-9B17-665CE5527999}.Debug|Any CPU.Build.0 = Debug|Any CPU
		{5B7D543F-F9C4-440B-9B17-665CE5527999}.Release|Any CPU.ActiveCfg = Release|Any CPU
		{5B7D543F-F9C4-440B-9B17-665CE5527999}.Release|Any CPU.Build.0 = Release|Any CPU
	EndGlobalSection
	GlobalSection(SolutionProperties) = preSolution
		HideSolutionNode = FALSE
	EndGlobalSection
	GlobalSection(NestedProjects) = preSolution
		{0D84E496-EBCD-4587-B867-7C6BBC5D2623} = {33C49380-D458-402E-B939-5853ED88D185}
		{5B400D4B-5CE1-41B8-BF4B-FC5DABED1826} = {33C49380-D458-402E-B939-5853ED88D185}
		{B13AEC62-416F-41A5-BCAE-4B2054406613} = {33C49380-D458-402E-B939-5853ED88D185}
		{07C0A301-C135-4FB9-90AC-F9A2E08D31C6} = {B13AEC62-416F-41A5-BCAE-4B2054406613}
		{00F6E4B5-F777-4C71-8ABE-4DBFE3F4CF7C} = {5B400D4B-5CE1-41B8-BF4B-FC5DABED1826}
		{67199E4A-695A-4B0A-A6FA-0C0717DE5DA3} = {0D84E496-EBCD-4587-B867-7C6BBC5D2623}
		{3E171F74-C756-46C6-BE27-869F3C40B77F} = {0D84E496-EBCD-4587-B867-7C6BBC5D2623}
		{84FB59F8-1D93-409B-B64D-C0F57C6A6BA5} = {0D84E496-EBCD-4587-B867-7C6BBC5D2623}
		{9ADA7600-44ED-49A4-8EA5-6F751B0139B9} = {0D84E496-EBCD-4587-B867-7C6BBC5D2623}
		{AC2D00C9-5E9E-4812-8262-D8F9FBF74042} = {0D84E496-EBCD-4587-B867-7C6BBC5D2623}
		{97C135DB-12C0-4EE1-AD5D-B2EF1231C62F} = {00F6E4B5-F777-4C71-8ABE-4DBFE3F4CF7C}
		{5B7D543F-F9C4-440B-9B17-665CE5527999} = {00F6E4B5-F777-4C71-8ABE-4DBFE3F4CF7C}
	EndGlobalSection
	GlobalSection(ExtensibilityGlobals) = postSolution
		SolutionGuid = {B66B428A-6EED-48C2-A9E4-45B692B68346}
	EndGlobalSection
EndGlobal
