
Microsoft Visual Studio Solution File, Format Version 12.00
# Visual Studio Version 17
VisualStudioVersion = 17.7.34202.233
MinimumVisualStudioVersion = 10.0.40219.1
Project("{2150E333-8FDC-42A3-9474-1A3956D46DE8}") = "src", "src", "{33C49380-D458-402E-B939-5853ED88D185}"
EndProject
Project("{2150E333-8FDC-42A3-9474-1A3956D46DE8}") = "BuildingBlocks", "BuildingBlocks", "{0D84E496-EBCD-4587-B867-7C6BBC5D2623}"
EndProject
Project("{2150E333-8FDC-42A3-9474-1A3956D46DE8}") = "Services", "Services", "{5B400D4B-5CE1-41B8-BF4B-FC5DABED1826}"
EndProject
Project("{FAE04EC0-301F-11D3-BF4B-00C04F79EFBC}") = "HNKC.Web", "src\BuildingBlocks\HNKC.Web\HNKC.Web.csproj", "{FC203995-84F7-4A0F-B665-C94B23B26EA3}"
EndProject
Project("{FAE04EC0-301F-11D3-BF4B-00C04F79EFBC}") = "HNKC.Exceptions", "src\BuildingBlocks\HNKC.Exceptions\HNKC.Exceptions.csproj", "{092B501E-7FCE-43FC-9CC5-33A3D93B74AD}"
EndProject
Project("{FAE04EC0-301F-11D3-BF4B-00C04F79EFBC}") = "HNKC.Models", "src\BuildingBlocks\HNKC.Models\HNKC.Models.csproj", "{84D88675-7003-4F90-B26A-ADA57993E333}"
EndProject
Project("{FAE04EC0-301F-11D3-BF4B-00C04F79EFBC}") = "HNKC.Utils", "src\BuildingBlocks\HNKC.Utils\HNKC.Utils.csproj", "{A3287124-2868-4525-B75C-234BFFD35D82}"
EndProject
Project("{FAE04EC0-301F-11D3-BF4B-00C04F79EFBC}") = "HNKC.SqlSugars", "src\BuildingBlocks\HNKC.SqlSugars\HNKC.SqlSugars.csproj", "{296F1EE7-E315-4A16-82C2-5A9FE75EBD2D}"
EndProject
Project("{FAE04EC0-301F-11D3-BF4B-00C04F79EFBC}") = "HNKC.Services.Admin.Api", "src\Services\Admin\HNKC.Services.Admin.Api\HNKC.Services.Admin.Api.csproj", "{3FBFEFAA-BA64-4934-87B0-B978FFE9EA1C}"
EndProject
Project("{2150E333-8FDC-42A3-9474-1A3956D46DE8}") = "ApiGateways", "ApiGateways", "{B13AEC62-416F-41A5-BCAE-4B2054406613}"
EndProject
Project("{2150E333-8FDC-42A3-9474-1A3956D46DE8}") = "Envoy", "Envoy", "{07C0A301-C135-4FB9-90AC-F9A2E08D31C6}"
EndProject
Global
	GlobalSection(SolutionConfigurationPlatforms) = preSolution
		Debug|Any CPU = Debug|Any CPU
		Release|Any CPU = Release|Any CPU
	EndGlobalSection
	GlobalSection(ProjectConfigurationPlatforms) = postSolution
		{FC203995-84F7-4A0F-B665-C94B23B26EA3}.Debug|Any CPU.ActiveCfg = Debug|Any CPU
		{FC203995-84F7-4A0F-B665-C94B23B26EA3}.Debug|Any CPU.Build.0 = Debug|Any CPU
		{FC203995-84F7-4A0F-B665-C94B23B26EA3}.Release|Any CPU.ActiveCfg = Release|Any CPU
		{FC203995-84F7-4A0F-B665-C94B23B26EA3}.Release|Any CPU.Build.0 = Release|Any CPU
		{092B501E-7FCE-43FC-9CC5-33A3D93B74AD}.Debug|Any CPU.ActiveCfg = Debug|Any CPU
		{092B501E-7FCE-43FC-9CC5-33A3D93B74AD}.Debug|Any CPU.Build.0 = Debug|Any CPU
		{092B501E-7FCE-43FC-9CC5-33A3D93B74AD}.Release|Any CPU.ActiveCfg = Release|Any CPU
		{092B501E-7FCE-43FC-9CC5-33A3D93B74AD}.Release|Any CPU.Build.0 = Release|Any CPU
		{84D88675-7003-4F90-B26A-ADA57993E333}.Debug|Any CPU.ActiveCfg = Debug|Any CPU
		{84D88675-7003-4F90-B26A-ADA57993E333}.Debug|Any CPU.Build.0 = Debug|Any CPU
		{84D88675-7003-4F90-B26A-ADA57993E333}.Release|Any CPU.ActiveCfg = Release|Any CPU
		{84D88675-7003-4F90-B26A-ADA57993E333}.Release|Any CPU.Build.0 = Release|Any CPU
		{A3287124-2868-4525-B75C-234BFFD35D82}.Debug|Any CPU.ActiveCfg = Debug|Any CPU
		{A3287124-2868-4525-B75C-234BFFD35D82}.Debug|Any CPU.Build.0 = Debug|Any CPU
		{A3287124-2868-4525-B75C-234BFFD35D82}.Release|Any CPU.ActiveCfg = Release|Any CPU
		{A3287124-2868-4525-B75C-234BFFD35D82}.Release|Any CPU.Build.0 = Release|Any CPU
		{296F1EE7-E315-4A16-82C2-5A9FE75EBD2D}.Debug|Any CPU.ActiveCfg = Debug|Any CPU
		{296F1EE7-E315-4A16-82C2-5A9FE75EBD2D}.Debug|Any CPU.Build.0 = Debug|Any CPU
		{296F1EE7-E315-4A16-82C2-5A9FE75EBD2D}.Release|Any CPU.ActiveCfg = Release|Any CPU
		{296F1EE7-E315-4A16-82C2-5A9FE75EBD2D}.Release|Any CPU.Build.0 = Release|Any CPU
		{3FBFEFAA-BA64-4934-87B0-B978FFE9EA1C}.Debug|Any CPU.ActiveCfg = Debug|Any CPU
		{3FBFEFAA-BA64-4934-87B0-B978FFE9EA1C}.Debug|Any CPU.Build.0 = Debug|Any CPU
		{3FBFEFAA-BA64-4934-87B0-B978FFE9EA1C}.Release|Any CPU.ActiveCfg = Release|Any CPU
		{3FBFEFAA-BA64-4934-87B0-B978FFE9EA1C}.Release|Any CPU.Build.0 = Release|Any CPU
	EndGlobalSection
	GlobalSection(SolutionProperties) = preSolution
		HideSolutionNode = FALSE
	EndGlobalSection
	GlobalSection(NestedProjects) = preSolution
		{0D84E496-EBCD-4587-B867-7C6BBC5D2623} = {33C49380-D458-402E-B939-5853ED88D185}
		{5B400D4B-5CE1-41B8-BF4B-FC5DABED1826} = {33C49380-D458-402E-B939-5853ED88D185}
		{FC203995-84F7-4A0F-B665-C94B23B26EA3} = {0D84E496-EBCD-4587-B867-7C6BBC5D2623}
		{092B501E-7FCE-43FC-9CC5-33A3D93B74AD} = {0D84E496-EBCD-4587-B867-7C6BBC5D2623}
		{84D88675-7003-4F90-B26A-ADA57993E333} = {0D84E496-EBCD-4587-B867-7C6BBC5D2623}
		{A3287124-2868-4525-B75C-234BFFD35D82} = {0D84E496-EBCD-4587-B867-7C6BBC5D2623}
		{296F1EE7-E315-4A16-82C2-5A9FE75EBD2D} = {0D84E496-EBCD-4587-B867-7C6BBC5D2623}
		{3FBFEFAA-BA64-4934-87B0-B978FFE9EA1C} = {5B400D4B-5CE1-41B8-BF4B-FC5DABED1826}
		{B13AEC62-416F-41A5-BCAE-4B2054406613} = {33C49380-D458-402E-B939-5853ED88D185}
		{07C0A301-C135-4FB9-90AC-F9A2E08D31C6} = {B13AEC62-416F-41A5-BCAE-4B2054406613}
	EndGlobalSection
	GlobalSection(ExtensibilityGlobals) = postSolution
		SolutionGuid = {B66B428A-6EED-48C2-A9E4-45B692B68346}
	EndGlobalSection
EndGlobal
