
Microsoft Visual Studio Solution File, Format Version 12.00
# Visual Studio Version 17
VisualStudioVersion = 17.7.34202.233
MinimumVisualStudioVersion = 10.0.40219.1
Project("{2150E333-8FDC-42A3-9474-1A3956D46DE8}") = "src", "src", "{33C49380-D458-402E-B939-5853ED88D185}"
EndProject
Project("{2150E333-8FDC-42A3-9474-1A3956D46DE8}") = "BuildingBlocks", "BuildingBlocks", "{0D84E496-EBCD-4587-B867-7C6BBC5D2623}"
EndProject
Project("{2150E333-8FDC-42A3-9474-1A3956D46DE8}") = "Services", "Services", "{5B400D4B-5CE1-41B8-BF4B-FC5DABED1826}"
EndProject
Project("{9A19103F-16F7-4668-BE54-9A1E7A4F7556}") = "CH.Simple.Entities", "src\BuildingBlocks\CH.Simple.Entities\CH.Simple.Entities.csproj", "{74149A9F-9DA3-4AE9-A7E8-4CC4F572DF81}"
EndProject
Project("{9A19103F-16F7-4668-BE54-9A1E7A4F7556}") = "CH.Simple.EntityFrameworkCore", "src\BuildingBlocks\CH.Simple.EntityFrameworkCore\CH.Simple.EntityFrameworkCore.csproj", "{37ADFDFB-6D2D-415E-A2A7-767E137DFDA9}"
EndProject
Project("{9A19103F-16F7-4668-BE54-9A1E7A4F7556}") = "CH.Simple.Enums", "src\BuildingBlocks\CH.Simple.Enums\CH.Simple.Enums.csproj", "{05B35BEA-CC90-49E6-BFA4-2D356CA5B455}"
EndProject
Project("{9A19103F-16F7-4668-BE54-9A1E7A4F7556}") = "CH.Simple.Exceptions", "src\BuildingBlocks\CH.Simple.Exceptions\CH.Simple.Exceptions.csproj", "{E122F4A4-6F2B-4C3F-BC2D-558544FD99D6}"
EndProject
Project("{9A19103F-16F7-4668-BE54-9A1E7A4F7556}") = "CH.Simple.Models", "src\BuildingBlocks\CH.Simple.Models\CH.Simple.Models.csproj", "{0469F49E-8A5D-4406-9C6C-524E442DFFEB}"
EndProject
Project("{9A19103F-16F7-4668-BE54-9A1E7A4F7556}") = "CH.Simple.Service", "src\BuildingBlocks\CH.Simple.Service\CH.Simple.Service.csproj", "{68588238-D947-4BF6-9C5D-B90765A364FC}"
EndProject
Project("{9A19103F-16F7-4668-BE54-9A1E7A4F7556}") = "CH.Simple.SqlSugar", "src\BuildingBlocks\CH.Simple.SqlSugar\CH.Simple.SqlSugar.csproj", "{9C945721-D92E-4BDA-A73D-34C92C91A959}"
EndProject
Project("{9A19103F-16F7-4668-BE54-9A1E7A4F7556}") = "CH.Simple.Utils", "src\BuildingBlocks\CH.Simple.Utils\CH.Simple.Utils.csproj", "{14FE97AB-54D4-4BD2-ABDC-73F1527BD674}"
EndProject
Project("{9A19103F-16F7-4668-BE54-9A1E7A4F7556}") = "CH.Simple.Web", "src\BuildingBlocks\CH.Simple.Web\CH.Simple.Web.csproj", "{C4C0AC45-6E5A-4CC2-BE21-4459B38B042B}"
EndProject
Project("{9A19103F-16F7-4668-BE54-9A1E7A4F7556}") = "CH.Simple.APP.API", "src\Services\CH.Simple.APP.API\CH.Simple.APP.API.csproj", "{9D2DD960-EADE-451B-9EB3-49D73AABFE06}"
EndProject
Project("{9A19103F-16F7-4668-BE54-9A1E7A4F7556}") = "CH.Simple.Web.API", "src\Services\CH.Simple.Web.API\CH.Simple.Web.API.csproj", "{C8306021-DF3A-4DDA-84FE-37385B3854C3}"
EndProject
Global
	GlobalSection(SolutionConfigurationPlatforms) = preSolution
		Debug|Any CPU = Debug|Any CPU
		Release|Any CPU = Release|Any CPU
	EndGlobalSection
	GlobalSection(ProjectConfigurationPlatforms) = postSolution
		{74149A9F-9DA3-4AE9-A7E8-4CC4F572DF81}.Debug|Any CPU.ActiveCfg = Debug|Any CPU
		{74149A9F-9DA3-4AE9-A7E8-4CC4F572DF81}.Debug|Any CPU.Build.0 = Debug|Any CPU
		{74149A9F-9DA3-4AE9-A7E8-4CC4F572DF81}.Release|Any CPU.ActiveCfg = Release|Any CPU
		{74149A9F-9DA3-4AE9-A7E8-4CC4F572DF81}.Release|Any CPU.Build.0 = Release|Any CPU
		{37ADFDFB-6D2D-415E-A2A7-767E137DFDA9}.Debug|Any CPU.ActiveCfg = Debug|Any CPU
		{37ADFDFB-6D2D-415E-A2A7-767E137DFDA9}.Debug|Any CPU.Build.0 = Debug|Any CPU
		{37ADFDFB-6D2D-415E-A2A7-767E137DFDA9}.Release|Any CPU.ActiveCfg = Release|Any CPU
		{37ADFDFB-6D2D-415E-A2A7-767E137DFDA9}.Release|Any CPU.Build.0 = Release|Any CPU
		{05B35BEA-CC90-49E6-BFA4-2D356CA5B455}.Debug|Any CPU.ActiveCfg = Debug|Any CPU
		{05B35BEA-CC90-49E6-BFA4-2D356CA5B455}.Debug|Any CPU.Build.0 = Debug|Any CPU
		{05B35BEA-CC90-49E6-BFA4-2D356CA5B455}.Release|Any CPU.ActiveCfg = Release|Any CPU
		{05B35BEA-CC90-49E6-BFA4-2D356CA5B455}.Release|Any CPU.Build.0 = Release|Any CPU
		{E122F4A4-6F2B-4C3F-BC2D-558544FD99D6}.Debug|Any CPU.ActiveCfg = Debug|Any CPU
		{E122F4A4-6F2B-4C3F-BC2D-558544FD99D6}.Debug|Any CPU.Build.0 = Debug|Any CPU
		{E122F4A4-6F2B-4C3F-BC2D-558544FD99D6}.Release|Any CPU.ActiveCfg = Release|Any CPU
		{E122F4A4-6F2B-4C3F-BC2D-558544FD99D6}.Release|Any CPU.Build.0 = Release|Any CPU
		{0469F49E-8A5D-4406-9C6C-524E442DFFEB}.Debug|Any CPU.ActiveCfg = Debug|Any CPU
		{0469F49E-8A5D-4406-9C6C-524E442DFFEB}.Debug|Any CPU.Build.0 = Debug|Any CPU
		{0469F49E-8A5D-4406-9C6C-524E442DFFEB}.Release|Any CPU.ActiveCfg = Release|Any CPU
		{0469F49E-8A5D-4406-9C6C-524E442DFFEB}.Release|Any CPU.Build.0 = Release|Any CPU
		{68588238-D947-4BF6-9C5D-B90765A364FC}.Debug|Any CPU.ActiveCfg = Debug|Any CPU
		{68588238-D947-4BF6-9C5D-B90765A364FC}.Debug|Any CPU.Build.0 = Debug|Any CPU
		{68588238-D947-4BF6-9C5D-B90765A364FC}.Release|Any CPU.ActiveCfg = Release|Any CPU
		{68588238-D947-4BF6-9C5D-B90765A364FC}.Release|Any CPU.Build.0 = Release|Any CPU
		{9C945721-D92E-4BDA-A73D-34C92C91A959}.Debug|Any CPU.ActiveCfg = Debug|Any CPU
		{9C945721-D92E-4BDA-A73D-34C92C91A959}.Debug|Any CPU.Build.0 = Debug|Any CPU
		{9C945721-D92E-4BDA-A73D-34C92C91A959}.Release|Any CPU.ActiveCfg = Release|Any CPU
		{9C945721-D92E-4BDA-A73D-34C92C91A959}.Release|Any CPU.Build.0 = Release|Any CPU
		{14FE97AB-54D4-4BD2-ABDC-73F1527BD674}.Debug|Any CPU.ActiveCfg = Debug|Any CPU
		{14FE97AB-54D4-4BD2-ABDC-73F1527BD674}.Debug|Any CPU.Build.0 = Debug|Any CPU
		{14FE97AB-54D4-4BD2-ABDC-73F1527BD674}.Release|Any CPU.ActiveCfg = Release|Any CPU
		{14FE97AB-54D4-4BD2-ABDC-73F1527BD674}.Release|Any CPU.Build.0 = Release|Any CPU
		{C4C0AC45-6E5A-4CC2-BE21-4459B38B042B}.Debug|Any CPU.ActiveCfg = Debug|Any CPU
		{C4C0AC45-6E5A-4CC2-BE21-4459B38B042B}.Debug|Any CPU.Build.0 = Debug|Any CPU
		{C4C0AC45-6E5A-4CC2-BE21-4459B38B042B}.Release|Any CPU.ActiveCfg = Release|Any CPU
		{C4C0AC45-6E5A-4CC2-BE21-4459B38B042B}.Release|Any CPU.Build.0 = Release|Any CPU
		{9D2DD960-EADE-451B-9EB3-49D73AABFE06}.Debug|Any CPU.ActiveCfg = Debug|Any CPU
		{9D2DD960-EADE-451B-9EB3-49D73AABFE06}.Debug|Any CPU.Build.0 = Debug|Any CPU
		{9D2DD960-EADE-451B-9EB3-49D73AABFE06}.Release|Any CPU.ActiveCfg = Release|Any CPU
		{9D2DD960-EADE-451B-9EB3-49D73AABFE06}.Release|Any CPU.Build.0 = Release|Any CPU
		{C8306021-DF3A-4DDA-84FE-37385B3854C3}.Debug|Any CPU.ActiveCfg = Debug|Any CPU
		{C8306021-DF3A-4DDA-84FE-37385B3854C3}.Debug|Any CPU.Build.0 = Debug|Any CPU
		{C8306021-DF3A-4DDA-84FE-37385B3854C3}.Release|Any CPU.ActiveCfg = Release|Any CPU
		{C8306021-DF3A-4DDA-84FE-37385B3854C3}.Release|Any CPU.Build.0 = Release|Any CPU
	EndGlobalSection
	GlobalSection(SolutionProperties) = preSolution
		HideSolutionNode = FALSE
	EndGlobalSection
	GlobalSection(NestedProjects) = preSolution
		{0D84E496-EBCD-4587-B867-7C6BBC5D2623} = {33C49380-D458-402E-B939-5853ED88D185}
		{5B400D4B-5CE1-41B8-BF4B-FC5DABED1826} = {33C49380-D458-402E-B939-5853ED88D185}
		{74149A9F-9DA3-4AE9-A7E8-4CC4F572DF81} = {0D84E496-EBCD-4587-B867-7C6BBC5D2623}
		{37ADFDFB-6D2D-415E-A2A7-767E137DFDA9} = {0D84E496-EBCD-4587-B867-7C6BBC5D2623}
		{05B35BEA-CC90-49E6-BFA4-2D356CA5B455} = {0D84E496-EBCD-4587-B867-7C6BBC5D2623}
		{E122F4A4-6F2B-4C3F-BC2D-558544FD99D6} = {0D84E496-EBCD-4587-B867-7C6BBC5D2623}
		{0469F49E-8A5D-4406-9C6C-524E442DFFEB} = {0D84E496-EBCD-4587-B867-7C6BBC5D2623}
		{68588238-D947-4BF6-9C5D-B90765A364FC} = {0D84E496-EBCD-4587-B867-7C6BBC5D2623}
		{9C945721-D92E-4BDA-A73D-34C92C91A959} = {0D84E496-EBCD-4587-B867-7C6BBC5D2623}
		{14FE97AB-54D4-4BD2-ABDC-73F1527BD674} = {0D84E496-EBCD-4587-B867-7C6BBC5D2623}
		{C4C0AC45-6E5A-4CC2-BE21-4459B38B042B} = {0D84E496-EBCD-4587-B867-7C6BBC5D2623}
		{9D2DD960-EADE-451B-9EB3-49D73AABFE06} = {5B400D4B-5CE1-41B8-BF4B-FC5DABED1826}
		{C8306021-DF3A-4DDA-84FE-37385B3854C3} = {5B400D4B-5CE1-41B8-BF4B-FC5DABED1826}
	EndGlobalSection
	GlobalSection(ExtensibilityGlobals) = postSolution
		SolutionGuid = {B66B428A-6EED-48C2-A9E4-45B692B68346}
	EndGlobalSection
EndGlobal
