
Microsoft Visual Studio Solution File, Format Version 12.00
# Visual Studio Version 17
VisualStudioVersion = 17.7.34202.233
MinimumVisualStudioVersion = 10.0.40219.1
Project("{2150E333-8FDC-42A3-9474-1A3956D46DE8}") = "src", "src", "{33C49380-D458-402E-B939-5853ED88D185}"
EndProject
Project("{2150E333-8FDC-42A3-9474-1A3956D46DE8}") = "BuildingBlocks", "BuildingBlocks", "{0D84E496-EBCD-4587-B867-7C6BBC5D2623}"
EndProject
Project("{2150E333-8FDC-42A3-9474-1A3956D46DE8}") = "Services", "Services", "{5B400D4B-5CE1-41B8-BF4B-FC5DABED1826}"
EndProject
Project("{9A19103F-16F7-4668-BE54-9A1E7A4F7556}") = "CH.Simple.Entities", "CH.Simple.Entities\CH.Simple.Entities.csproj", "{59B8257C-82A9-45B5-A937-C8BE59B0C5E4}"
EndProject
Project("{9A19103F-16F7-4668-BE54-9A1E7A4F7556}") = "CH.Simple.Enums", "CH.Simple.Enums\CH.Simple.Enums.csproj", "{9F02F23E-BC3A-473A-8240-C30495ED6DDF}"
EndProject
Project("{9A19103F-16F7-4668-BE54-9A1E7A4F7556}") = "CH.Simple.Utils", "CH.Simple.Utils\CH.Simple.Utils.csproj", "{33A67E75-9573-4774-961C-B750BD5442D3}"
EndProject
Project("{9A19103F-16F7-4668-BE54-9A1E7A4F7556}") = "CH.Simple.Service", "CH.Simple.Service\CH.Simple.Service.csproj", "{02C05EBB-B40A-44B2-832A-D9E70ECDA5C4}"
EndProject
Project("{9A19103F-16F7-4668-BE54-9A1E7A4F7556}") = "CH.Simple.Web", "CH.Simple.Web\CH.Simple.Web.csproj", "{2B740C77-EFFD-4BEC-8833-D25DACB9249E}"
EndProject
Project("{9A19103F-16F7-4668-BE54-9A1E7A4F7556}") = "CH.Simple.Web.API", "CH.Simple.Web.API\CH.Simple.Web.API.csproj", "{B3F026E0-463E-4DAB-84A5-FB299FA38381}"
EndProject
Project("{9A19103F-16F7-4668-BE54-9A1E7A4F7556}") = "CH.Simple.APP.API", "CH.Simple.APP.API\CH.Simple.APP.API.csproj", "{64A952BC-B73D-4B9E-9223-D10F4EE34026}"
EndProject
Project("{9A19103F-16F7-4668-BE54-9A1E7A4F7556}") = "CH.Simple.Exceptions", "CH.Simple.Exceptions\CH.Simple.Exceptions.csproj", "{26C63E6A-F562-4300-A93B-9709DFE9766E}"
EndProject
Project("{9A19103F-16F7-4668-BE54-9A1E7A4F7556}") = "CH.Simple.EntityFrameworkCore", "CH.Simple.EntityFrameworkCore\CH.Simple.EntityFrameworkCore.csproj", "{3F195133-CED8-4598-98CC-EFAAA97ED3B0}"
EndProject
Project("{FAE04EC0-301F-11D3-BF4B-00C04F79EFBC}") = "CH.Simple.Models", "CH.Simple.Models\CH.Simple.Models.csproj", "{4407EE9C-A953-4B2B-8EEC-CCF10A524C47}"
EndProject
Project("{9A19103F-16F7-4668-BE54-9A1E7A4F7556}") = "CH.Simple.SqlSugar", "CH.Simple.SqlSugar\CH.Simple.SqlSugar.csproj", "{1696D6FE-A9FB-4892-B5F1-438C3495EA1F}"
EndProject
Global
	GlobalSection(SolutionConfigurationPlatforms) = preSolution
		Debug|Any CPU = Debug|Any CPU
		Release|Any CPU = Release|Any CPU
	EndGlobalSection
	GlobalSection(ProjectConfigurationPlatforms) = postSolution
		{59B8257C-82A9-45B5-A937-C8BE59B0C5E4}.Debug|Any CPU.ActiveCfg = Debug|Any CPU
		{59B8257C-82A9-45B5-A937-C8BE59B0C5E4}.Debug|Any CPU.Build.0 = Debug|Any CPU
		{59B8257C-82A9-45B5-A937-C8BE59B0C5E4}.Release|Any CPU.ActiveCfg = Release|Any CPU
		{59B8257C-82A9-45B5-A937-C8BE59B0C5E4}.Release|Any CPU.Build.0 = Release|Any CPU
		{9F02F23E-BC3A-473A-8240-C30495ED6DDF}.Debug|Any CPU.ActiveCfg = Debug|Any CPU
		{9F02F23E-BC3A-473A-8240-C30495ED6DDF}.Debug|Any CPU.Build.0 = Debug|Any CPU
		{9F02F23E-BC3A-473A-8240-C30495ED6DDF}.Release|Any CPU.ActiveCfg = Release|Any CPU
		{9F02F23E-BC3A-473A-8240-C30495ED6DDF}.Release|Any CPU.Build.0 = Release|Any CPU
		{33A67E75-9573-4774-961C-B750BD5442D3}.Debug|Any CPU.ActiveCfg = Debug|Any CPU
		{33A67E75-9573-4774-961C-B750BD5442D3}.Debug|Any CPU.Build.0 = Debug|Any CPU
		{33A67E75-9573-4774-961C-B750BD5442D3}.Release|Any CPU.ActiveCfg = Release|Any CPU
		{33A67E75-9573-4774-961C-B750BD5442D3}.Release|Any CPU.Build.0 = Release|Any CPU
		{02C05EBB-B40A-44B2-832A-D9E70ECDA5C4}.Debug|Any CPU.ActiveCfg = Debug|Any CPU
		{02C05EBB-B40A-44B2-832A-D9E70ECDA5C4}.Debug|Any CPU.Build.0 = Debug|Any CPU
		{02C05EBB-B40A-44B2-832A-D9E70ECDA5C4}.Release|Any CPU.ActiveCfg = Release|Any CPU
		{02C05EBB-B40A-44B2-832A-D9E70ECDA5C4}.Release|Any CPU.Build.0 = Release|Any CPU
		{2B740C77-EFFD-4BEC-8833-D25DACB9249E}.Debug|Any CPU.ActiveCfg = Debug|Any CPU
		{2B740C77-EFFD-4BEC-8833-D25DACB9249E}.Debug|Any CPU.Build.0 = Debug|Any CPU
		{2B740C77-EFFD-4BEC-8833-D25DACB9249E}.Release|Any CPU.ActiveCfg = Release|Any CPU
		{2B740C77-EFFD-4BEC-8833-D25DACB9249E}.Release|Any CPU.Build.0 = Release|Any CPU
		{B3F026E0-463E-4DAB-84A5-FB299FA38381}.Debug|Any CPU.ActiveCfg = Debug|Any CPU
		{B3F026E0-463E-4DAB-84A5-FB299FA38381}.Debug|Any CPU.Build.0 = Debug|Any CPU
		{B3F026E0-463E-4DAB-84A5-FB299FA38381}.Release|Any CPU.ActiveCfg = Release|Any CPU
		{B3F026E0-463E-4DAB-84A5-FB299FA38381}.Release|Any CPU.Build.0 = Release|Any CPU
		{64A952BC-B73D-4B9E-9223-D10F4EE34026}.Debug|Any CPU.ActiveCfg = Debug|Any CPU
		{64A952BC-B73D-4B9E-9223-D10F4EE34026}.Debug|Any CPU.Build.0 = Debug|Any CPU
		{64A952BC-B73D-4B9E-9223-D10F4EE34026}.Release|Any CPU.ActiveCfg = Release|Any CPU
		{64A952BC-B73D-4B9E-9223-D10F4EE34026}.Release|Any CPU.Build.0 = Release|Any CPU
		{26C63E6A-F562-4300-A93B-9709DFE9766E}.Debug|Any CPU.ActiveCfg = Debug|Any CPU
		{26C63E6A-F562-4300-A93B-9709DFE9766E}.Debug|Any CPU.Build.0 = Debug|Any CPU
		{26C63E6A-F562-4300-A93B-9709DFE9766E}.Release|Any CPU.ActiveCfg = Release|Any CPU
		{26C63E6A-F562-4300-A93B-9709DFE9766E}.Release|Any CPU.Build.0 = Release|Any CPU
		{3F195133-CED8-4598-98CC-EFAAA97ED3B0}.Debug|Any CPU.ActiveCfg = Debug|Any CPU
		{3F195133-CED8-4598-98CC-EFAAA97ED3B0}.Debug|Any CPU.Build.0 = Debug|Any CPU
		{3F195133-CED8-4598-98CC-EFAAA97ED3B0}.Release|Any CPU.ActiveCfg = Release|Any CPU
		{3F195133-CED8-4598-98CC-EFAAA97ED3B0}.Release|Any CPU.Build.0 = Release|Any CPU
		{4407EE9C-A953-4B2B-8EEC-CCF10A524C47}.Debug|Any CPU.ActiveCfg = Debug|Any CPU
		{4407EE9C-A953-4B2B-8EEC-CCF10A524C47}.Debug|Any CPU.Build.0 = Debug|Any CPU
		{4407EE9C-A953-4B2B-8EEC-CCF10A524C47}.Release|Any CPU.ActiveCfg = Release|Any CPU
		{4407EE9C-A953-4B2B-8EEC-CCF10A524C47}.Release|Any CPU.Build.0 = Release|Any CPU
		{1696D6FE-A9FB-4892-B5F1-438C3495EA1F}.Debug|Any CPU.ActiveCfg = Debug|Any CPU
		{1696D6FE-A9FB-4892-B5F1-438C3495EA1F}.Debug|Any CPU.Build.0 = Debug|Any CPU
		{1696D6FE-A9FB-4892-B5F1-438C3495EA1F}.Release|Any CPU.ActiveCfg = Release|Any CPU
		{1696D6FE-A9FB-4892-B5F1-438C3495EA1F}.Release|Any CPU.Build.0 = Release|Any CPU
	EndGlobalSection
	GlobalSection(SolutionProperties) = preSolution
		HideSolutionNode = FALSE
	EndGlobalSection
	GlobalSection(NestedProjects) = preSolution
		{0D84E496-EBCD-4587-B867-7C6BBC5D2623} = {33C49380-D458-402E-B939-5853ED88D185}
		{5B400D4B-5CE1-41B8-BF4B-FC5DABED1826} = {33C49380-D458-402E-B939-5853ED88D185}
		{59B8257C-82A9-45B5-A937-C8BE59B0C5E4} = {0D84E496-EBCD-4587-B867-7C6BBC5D2623}
		{9F02F23E-BC3A-473A-8240-C30495ED6DDF} = {0D84E496-EBCD-4587-B867-7C6BBC5D2623}
		{33A67E75-9573-4774-961C-B750BD5442D3} = {0D84E496-EBCD-4587-B867-7C6BBC5D2623}
		{02C05EBB-B40A-44B2-832A-D9E70ECDA5C4} = {0D84E496-EBCD-4587-B867-7C6BBC5D2623}
		{2B740C77-EFFD-4BEC-8833-D25DACB9249E} = {0D84E496-EBCD-4587-B867-7C6BBC5D2623}
		{B3F026E0-463E-4DAB-84A5-FB299FA38381} = {5B400D4B-5CE1-41B8-BF4B-FC5DABED1826}
		{64A952BC-B73D-4B9E-9223-D10F4EE34026} = {5B400D4B-5CE1-41B8-BF4B-FC5DABED1826}
		{26C63E6A-F562-4300-A93B-9709DFE9766E} = {0D84E496-EBCD-4587-B867-7C6BBC5D2623}
		{3F195133-CED8-4598-98CC-EFAAA97ED3B0} = {0D84E496-EBCD-4587-B867-7C6BBC5D2623}
		{4407EE9C-A953-4B2B-8EEC-CCF10A524C47} = {0D84E496-EBCD-4587-B867-7C6BBC5D2623}
		{1696D6FE-A9FB-4892-B5F1-438C3495EA1F} = {0D84E496-EBCD-4587-B867-7C6BBC5D2623}
	EndGlobalSection
	GlobalSection(ExtensibilityGlobals) = postSolution
		SolutionGuid = {B66B428A-6EED-48C2-A9E4-45B692B68346}
	EndGlobalSection
EndGlobal
